
Microsoft Visual Studio Solution File, Format Version 12.00
# Visual Studio Version 17
VisualStudioVersion = 17.4.33122.133
MinimumVisualStudioVersion = 10.0.40219.1
Project("{FAE04EC0-301F-11D3-BF4B-00C04F79EFBC}") = "MagazinORM", "MagazinORM.csproj", "{152E9C1E-C85F-4255-A5A8-70CB7AD62C1F}"
EndProject
Global
	GlobalSection(SolutionConfigurationPlatforms) = preSolution
		Debug|Any CPU = Debug|Any CPU
		Release|Any CPU = Release|Any CPU
	EndGlobalSection
	GlobalSection(ProjectConfigurationPlatforms) = postSolution
		{152E9C1E-C85F-4255-A5A8-70CB7AD62C1F}.Debug|Any CPU.ActiveCfg = Debug|Any CPU
		{152E9C1E-C85F-4255-A5A8-70CB7AD62C1F}.Debug|Any CPU.Build.0 = Debug|Any CPU
		{152E9C1E-C85F-4255-A5A8-70CB7AD62C1F}.Release|Any CPU.ActiveCfg = Release|Any CPU
		{152E9C1E-C85F-4255-A5A8-70CB7AD62C1F}.Release|Any CPU.Build.0 = Release|Any CPU
	EndGlobalSection
	GlobalSection(SolutionProperties) = preSolution
		HideSolutionNode = FALSE
	EndGlobalSection
	GlobalSection(ExtensibilityGlobals) = postSolution
		SolutionGuid = {E217DF8D-5090-44B5-9B79-7878118E215A}
	EndGlobalSection
EndGlobal
